lockfileVersion: 5.4

specifiers:
  glob: ^7.2.3
  mkdirp: ^0.5.6
  node-fetch: ^3.2.10
  request: ^2.88.2
  rimraf: ^3.0.2
  unzipper: ^0.10.11
  uuid: ^9.0.0
  vinyl: ^2.2.1

dependencies:
  glob: 7.2.3
  mkdirp: 0.5.6
  node-fetch: 3.2.10
  request: 2.88.2
  rimraf: 3.0.2
  unzipper: 0.10.11
  uuid: 9.0.0
  vinyl: 2.2.1

packages:

  /ajv/6.12.6:
    resolution: {integrity: sha512-j3fVLgvTo527anyYyJOGTYJbG+vnnQYvE0m5mmkc1TK+nxAppkCLMIL0aZ4dblVCNoGShhm+kzE4ZUykBoMg4g==}
    dependencies:
      fast-deep-equal: 3.1.3
      fast-json-stable-stringify: 2.1.0
      json-schema-traverse: 0.4.1
      uri-js: 4.4.1
    dev: false

  /asn1/0.2.6:
    resolution: {integrity: sha512-ix/FxPn0MDjeyJ7i/yoHGFt/EX6LyNbxSEhPPXODPL+KB0VPk86UYfL0lMdy+KCnv+fmvIzySwaK5COwqVbWTQ==}
    dependencies:
      safer-buffer: 2.1.2
    dev: false

  /assert-plus/1.0.0:
    resolution: {integrity: sha512-NfJ4UzBCcQGLDlQq7nHxH+tv3kyZ0hHQqF5BO6J7tNJeP5do1llPr8dZ8zHonfhAu0PHAdMkSo+8o0wxg9lZWw==}
    engines: {node: '>=0.8'}
    dev: false

  /asynckit/0.4.0:
    resolution: {integrity: sha512-Oei9OH4tRh0YqU3GxhX79dM/mwVgvbZJaSNaRk+bshkj0S5cfHcgYakreBjrHwatXKbz+IoIdYLxrKim2MjW0Q==}
    dev: false

  /aws-sign2/0.7.0:
    resolution: {integrity: sha512-08kcGqnYf/YmjoRhfxyu+CLxBjUtHLXLXX/vUfx9l2LYzG3c1m61nrpyFUZI6zeS+Li/wWMMidD9KgrqtGq3mA==}
    dev: false

  /aws4/1.11.0:
    resolution: {integrity: sha512-xh1Rl34h6Fi1DC2WWKfxUTVqRsNnr6LsKz2+hfwDxQJWmrx8+c7ylaqBMcHfl1U1r2dsifOvKX3LQuLNZ+XSvA==}
    dev: false

  /balanced-match/1.0.2:
    resolution: {integrity: sha512-3oSeUO0TMV67hN1AmbXsK4yaqU7tjiHlbxRDZOpH0KW9+CeX4bRAaX0Anxt0tx2MrpRpWwQaPwIlISEJhYU5Pw==}
    dev: false

  /bcrypt-pbkdf/1.0.2:
    resolution: {integrity: sha512-qeFIXtP4MSoi6NLqO12WfqARWWuCKi2Rn/9hJLEmtB5yTNr9DqFWkJRCf2qShWzPeAMRnOgCrq0sg/KLv5ES9w==}
    dependencies:
      tweetnacl: 0.14.5
    dev: false

  /big-integer/1.6.51:
    resolution: {integrity: sha512-GPEid2Y9QU1Exl1rpO9B2IPJGHPSupF5GnVIP0blYvNOMer2bTvSWs1jGOUg04hTmu67nmLsQ9TBo1puaotBHg==}
    engines: {node: '>=0.6'}
    dev: false

  /binary/0.3.0:
    resolution: {integrity: sha512-D4H1y5KYwpJgK8wk1Cue5LLPgmwHKYSChkbspQg5JtVuR5ulGckxfR62H3AE9UDkdMC8yyXlqYihuz3Aqg2XZg==}
    dependencies:
      buffers: 0.1.1
      chainsaw: 0.1.0
    dev: false

  /bluebird/3.4.7:
    resolution: {integrity: sha512-iD3898SR7sWVRHbiQv+sHUtHnMvC1o3nW5rAcqnq3uOn07DSAppZYUkIGslDz6gXC7HfunPe7YVBgoEJASPcHA==}
    dev: false

  /brace-expansion/1.1.11:
    resolution: {integrity: sha512-iCuPHDFgrHX7H2vEI/5xpz07zSHB00TpugqhmYtVmMO6518mCuRMoOYFldEBl0g187ufozdaHgWKcYFb61qGiA==}
    dependencies:
      balanced-match: 1.0.2
      concat-map: 0.0.1
    dev: false

  /buffer-indexof-polyfill/1.0.2:
    resolution: {integrity: sha512-I7wzHwA3t1/lwXQh+A5PbNvJxgfo5r3xulgpYDB5zckTu/Z9oUK9biouBKQUjEqzaz3HnAT6TYoovmE+GqSf7A==}
    engines: {node: '>=0.10'}
    dev: false

  /buffers/0.1.1:
    resolution: {integrity: sha512-9q/rDEGSb/Qsvv2qvzIzdluL5k7AaJOTrw23z9reQthrbF7is4CtlT0DXyO1oei2DCp4uojjzQ7igaSHp1kAEQ==}
    engines: {node: '>=0.2.0'}
    dev: false

  /caseless/0.12.0:
    resolution: {integrity: sha512-4tYFyifaFfGacoiObjJegolkwSU4xQNGbVgUiNYVUxbQ2x2lUsFvY4hVgVzGiIe6WLOPqycWXA40l+PWsxthUw==}
    dev: false

  /chainsaw/0.1.0:
    resolution: {integrity: sha512-75kWfWt6MEKNC8xYXIdRpDehRYY/tNSgwKaJq+dbbDcxORuVrrQ+SEHoWsniVn9XPYfP4gmdWIeDk/4YNp1rNQ==}
    dependencies:
      traverse: 0.3.9
    dev: false

  /clone-buffer/1.0.0:
    resolution: {integrity: sha512-KLLTJWrvwIP+OPfMn0x2PheDEP20RPUcGXj/ERegTgdmPEZylALQldygiqrPPu8P45uNuPs7ckmReLY6v/iA5g==}
    engines: {node: '>= 0.10'}
    dev: false

  /clone-stats/1.0.0:
    resolution: {integrity: sha512-au6ydSpg6nsrigcZ4m8Bc9hxjeW+GJ8xh5G3BJCMt4WXe1H10UNaVOamqQTmrx1kjVuxAHIQSNU6hY4Nsn9/ag==}
    dev: false

  /clone/2.1.2:
    resolution: {integrity: sha512-3Pe/CF1Nn94hyhIYpjtiLhdCoEoz0DqQ+988E9gmeEdQZlojxnOb74wctFyuwWQHzqyf9X7C7MG8juUpqBJT8w==}
    engines: {node: '>=0.8'}
    dev: false

  /cloneable-readable/1.1.3:
    resolution: {integrity: sha512-2EF8zTQOxYq70Y4XKtorQupqF0m49MBz2/yf5Bj+MHjvpG3Hy7sImifnqD6UA+TKYxeSV+u6qqQPawN5UvnpKQ==}
    dependencies:
      inherits: 2.0.4
      process-nextick-args: 2.0.1
      readable-stream: 2.3.7
    dev: false

  /combined-stream/1.0.8:
    resolution: {integrity: sha512-FQN4MRfuJeHf7cBbBMJFXhKSDq+2kAArBlmRBvcvFE5BB1HZKXtSFASDhdlz9zOYwxh8lDdnvmMOe/+5cdoEdg==}
    engines: {node: '>= 0.8'}
    dependencies:
      delayed-stream: 1.0.0
    dev: false

  /concat-map/0.0.1:
    resolution: {integrity: sha512-/Srv4dswyQNBfohGpz9o6Yb3Gz3SrUDqBH5rTuhGR7ahtlbYKnVxw2bCFMRljaA7EXHaXZ8wsHdodFvbkhKmqg==}
    dev: false

  /core-util-is/1.0.2:
    resolution: {integrity: sha512-3lqz5YjWTYnW6dlDa5TLaTCcShfar1e40rmcJVwCBJC6mWlFuj0eCHIElmG1g5kyuJ/GD+8Wn4FFCcz4gJPfaQ==}
    dev: false

  /core-util-is/1.0.3:
    resolution: {integrity: sha512-ZQBvi1DcpJ4GDqanjucZ2Hj3wEO5pZDS89BWbkcrvdxksJorwUDDZamX9ldFkp9aw2lmBDLgkObEA4DWNJ9FYQ==}
    dev: false

  /dashdash/1.14.1:
    resolution: {integrity: sha512-jRFi8UDGo6j+odZiEpjazZaWqEal3w/basFjQHQEwVtZJGDpxbH1MeYluwCS8Xq5wmLJooDlMgvVarmWfGM44g==}
    engines: {node: '>=0.10'}
    dependencies:
      assert-plus: 1.0.0
    dev: false

  /data-uri-to-buffer/4.0.0:
    resolution: {integrity: sha512-Vr3mLBA8qWmcuschSLAOogKgQ/Jwxulv3RNE4FXnYWRGujzrRWQI4m12fQqRkwX06C0KanhLr4hK+GydchZsaA==}
    engines: {node: '>= 12'}
    dev: false

  /delayed-stream/1.0.0:
    resolution: {integrity: sha512-ZySD7Nf91aLB0RxL4KGrKHBXl7Eds1DAmEdcoVawXnLD7SDhpNgtuII2aAkg7a7QS41jxPSZ17p4VdGnMHk3MQ==}
    engines: {node: '>=0.4.0'}
    dev: false

  /duplexer2/0.1.4:
    resolution: {integrity: sha512-asLFVfWWtJ90ZyOUHMqk7/S2w2guQKxUI2itj3d92ADHhxUSbCMGi1f1cBcJ7xM1To+pE/Khbwo1yuNbMEPKeA==}
    dependencies:
      readable-stream: 2.3.7
    dev: false

  /ecc-jsbn/0.1.2:
    resolution: {integrity: sha512-eh9O+hwRHNbG4BLTjEl3nw044CkGm5X6LoaCf7LPp7UU8Qrt47JYNi6nPX8xjW97TKGKm1ouctg0QSpZe9qrnw==}
    dependencies:
      jsbn: 0.1.1
      safer-buffer: 2.1.2
    dev: false

  /extend/3.0.2:
    resolution: {integrity: sha512-fjquC59cD7CyW6urNXK0FBufkZcoiGG80wTuPujX590cB5Ttln20E2UB4S/WARVqhXffZl2LNgS+gQdPIIim/g==}
    dev: false

  /extsprintf/1.3.0:
    resolution: {integrity: sha512-11Ndz7Nv+mvAC1j0ktTa7fAb0vLyGGX+rMHNBYQviQDGU0Hw7lhctJANqbPhu9nV9/izT/IntTgZ7Im/9LJs9g==}
    engines: {'0': node >=0.6.0}
    dev: false

  /fast-deep-equal/3.1.3:
    resolution: {integrity: sha512-f3qQ9oQy9j2AhBe/H9VC91wLmKBCCU/gDOnKNAYG5hswO7BLKj09Hc5HYNz9cGI++xlpDCIgDaitVs03ATR84Q==}
    dev: false

  /fast-json-stable-stringify/2.1.0:
    resolution: {integrity: sha512-lhd/wF+Lk98HZoTCtlVraHtfh5XYijIjalXck7saUtuanSDyLMxnHhSXEDJqHxD7msR8D0uCmqlkwjCV8xvwHw==}
    dev: false

  /fetch-blob/3.2.0:
    resolution: {integrity: sha512-7yAQpD2UMJzLi1Dqv7qFYnPbaPx7ZfFK6PiIxQ4PfkGPyNyl2Ugx+a/umUonmKqjhM4DnfbMvdX6otXq83soQQ==}
    engines: {node: ^12.20 || >= 14.13}
    dependencies:
      node-domexception: 1.0.0
      web-streams-polyfill: 3.2.1
    dev: false

  /forever-agent/0.6.1:
    resolution: {integrity: sha512-j0KLYPhm6zeac4lz3oJ3o65qvgQCcPubiyotZrXqEaG4hNagNYO8qdlUrX5vwqv9ohqeT/Z3j6+yW067yWWdUw==}
    dev: false

  /form-data/2.3.3:
    resolution: {integrity: sha512-1lLKB2Mu3aGP1Q/2eCOx0fNbRMe7XdwktwOruhfqqd0rIJWwN4Dh+E3hrPSlDCXnSR7UtZ1N38rVXm+6+MEhJQ==}
    engines: {node: '>= 0.12'}
    dependencies:
      asynckit: 0.4.0
      combined-stream: 1.0.8
      mime-types: 2.1.35
    dev: false

  /formdata-polyfill/4.0.10:
    resolution: {integrity: sha512-buewHzMvYL29jdeQTVILecSaZKnt/RJWjoZCF5OW60Z67/GmSLBkOFM7qh1PI3zFNtJbaZL5eQu1vLfazOwj4g==}
    engines: {node: '>=12.20.0'}
    dependencies:
      fetch-blob: 3.2.0
    dev: false

  /fs.realpath/1.0.0:
    resolution: {integrity: sha512-OO0pH2lK6a0hZnAdau5ItzHPI6pUlvI7jMVnxUQRtw4owF2wk8lOSabtGDCTP4Ggrg2MbGnWO9X8K1t4+fGMDw==}
    dev: false

  /fstream/1.0.12:
    resolution: {integrity: sha512-WvJ193OHa0GHPEL+AycEJgxvBEwyfRkN1vhjca23OaPVMCaLCXTd5qAu82AjTcgP1UJmytkOKb63Ypde7raDIg==}
    engines: {node: '>=0.6'}
    dependencies:
      graceful-fs: 4.2.10
      inherits: 2.0.4
      mkdirp: 0.5.6
      rimraf: 2.7.1
    dev: false

  /getpass/0.1.7:
    resolution: {integrity: sha512-0fzj9JxOLfJ+XGLhR8ze3unN0KZCgZwiSSDz168VERjK8Wl8kVSdcu2kspd4s4wtAa1y/qrVRiAA0WclVsu0ng==}
    dependencies:
      assert-plus: 1.0.0
    dev: false

  /glob/7.2.3:
    resolution: {integrity: sha512-nFR0zLpU2YCaRxwoCJvL6UvCH2JFyFVIvwTLsIf21AuHlMskA1hhTdk+LlYJtOlYt9v6dvszD2BGRqBL+iQK9Q==}
    dependencies:
      fs.realpath: 1.0.0
      inflight: 1.0.6
      inherits: 2.0.4
      minimatch: 3.1.2
      once: 1.4.0
      path-is-absolute: 1.0.1
    dev: false

  /graceful-fs/4.2.10:
    resolution: {integrity: sha512-9ByhssR2fPVsNZj478qUUbKfmL0+t5BDVyjShtyZZLiK7ZDAArFFfopyOTj0M05wE2tJPisA4iTnnXl2YoPvOA==}
    dev: false

  /har-schema/2.0.0:
    resolution: {integrity: sha512-Oqluz6zhGX8cyRaTQlFMPw80bSJVG2x/cFb8ZPhUILGgHka9SsokCCOQgpveePerqidZOrT14ipqfJb7ILcW5Q==}
    engines: {node: '>=4'}
    dev: false

  /har-validator/5.1.5:
    resolution: {integrity: sha512-nmT2T0lljbxdQZfspsno9hgrG3Uir6Ks5afism62poxqBM6sDnMEuPmzTq8XN0OEwqKLLdh1jQI3qyE66Nzb3w==}
    engines: {node: '>=6'}
    deprecated: this library is no longer supported
    dependencies:
      ajv: 6.12.6
      har-schema: 2.0.0
    dev: false

  /http-signature/1.2.0:
    resolution: {integrity: sha512-CAbnr6Rz4CYQkLYUtSNXxQPUH2gK8f3iWexVlsnMeD+GjlsQ0Xsy1cOX+mN3dtxYomRy21CiOzU8Uhw6OwncEQ==}
    engines: {node: '>=0.8', npm: '>=1.3.7'}
    dependencies:
      assert-plus: 1.0.0
      jsprim: 1.4.2
      sshpk: 1.17.0
    dev: false

  /inflight/1.0.6:
    resolution: {integrity: sha512-k92I/b08q4wvFscXCLvqfsHCrjrF7yiXsQuIVvVE7N82W3+aqpzuUdBbfhWcy/FZR3/4IgflMgKLOsvPDrGCJA==}
    dependencies:
      once: 1.4.0
      wrappy: 1.0.2
    dev: false

  /inherits/2.0.4:
    resolution: {integrity: sha512-k/vGaX4/Yla3WzyMCvTQOXYeIHvqOKtnqBduzTHpzpQZzAskKMhZ2K+EnBiSM9zGSoIFeMpXKxa4dYeZIQqewQ==}
    dev: false

  /is-typedarray/1.0.0:
    resolution: {integrity: sha512-cyA56iCMHAh5CdzjJIa4aohJyeO1YbwLi3Jc35MmRU6poroFjIGZzUzupGiRPOjgHg9TLu43xbpwXk523fMxKA==}
    dev: false

  /isarray/1.0.0:
    resolution: {integrity: sha512-VLghIWNM6ELQzo7zwmcg0NmTVyWKYjvIeM83yjp0wRDTmUnrM678fQbcKBo6n2CJEF0szoG//ytg+TKla89ALQ==}
    dev: false

  /isstream/0.1.2:
    resolution: {integrity: sha512-Yljz7ffyPbrLpLngrMtZ7NduUgVvi6wG9RJ9IUcyCd59YQ911PBJphODUcbOVbqYfxe1wuYf/LJ8PauMRwsM/g==}
    dev: false

  /jsbn/0.1.1:
    resolution: {integrity: sha512-UVU9dibq2JcFWxQPA6KCqj5O42VOmAY3zQUfEKxU0KpTGXwNoCjkX1e13eHNvw/xPynt6pU0rZ1htjWTNTSXsg==}
    dev: false

  /json-schema-traverse/0.4.1:
    resolution: {integrity: sha512-xbbCH5dCYU5T8LcEhhuh7HJ88HXuW3qsI3Y0zOZFKfZEHcpWiHU/Jxzk629Brsab/mMiHQti9wMP+845RPe3Vg==}
    dev: false

  /json-schema/0.4.0:
    resolution: {integrity: sha512-es94M3nTIfsEPisRafak+HDLfHXnKBhV3vU5eqPcS3flIWqcxJWgXHXiey3YrpaNsanY5ei1VoYEbOzijuq9BA==}
    dev: false

  /json-stringify-safe/5.0.1:
    resolution: {integrity: sha512-ZClg6AaYvamvYEE82d3Iyd3vSSIjQ+odgjaTzRuO3s7toCdFKczob2i0zCh7JE8kWn17yvAWhUVxvqGwUalsRA==}
    dev: false

  /jsprim/1.4.2:
    resolution: {integrity: sha512-P2bSOMAc/ciLz6DzgjVlGJP9+BrJWu5UDGK70C2iweC5QBIeFf0ZXRvGjEj2uYgrY2MkAAhsSWHDWlFtEroZWw==}
    engines: {node: '>=0.6.0'}
    dependencies:
      assert-plus: 1.0.0
      extsprintf: 1.3.0
      json-schema: 0.4.0
      verror: 1.10.0
    dev: false

  /listenercount/1.0.1:
    resolution: {integrity: sha512-3mk/Zag0+IJxeDrxSgaDPy4zZ3w05PRZeJNnlWhzFz5OkX49J4krc+A8X2d2M69vGMBEX0uyl8M+W+8gH+kBqQ==}
    dev: false

  /mime-db/1.52.0:
    resolution: {integrity: sha512-sPU4uV7dYlvtWJxwwxHD0PuihVNiE7TyAbQ5SWxDCB9mUYvOgroQOwYQQOKPJ8CIbE+1ETVlOoK1UC2nU3gYvg==}
    engines: {node: '>= 0.6'}
    dev: false

  /mime-types/2.1.35:
    resolution: {integrity: sha512-ZDY+bPm5zTTF+YpCrAU9nK0UgICYPT0QtT1NZWFv4s++TNkcgVaT0g6+4R2uI4MjQjzysHB1zxuWL50hzaeXiw==}
    engines: {node: '>= 0.6'}
    dependencies:
      mime-db: 1.52.0
    dev: false

  /minimatch/3.1.2:
    resolution: {integrity: sha512-J7p63hRiAjw1NDEww1W7i37+ByIrOWO5XQQAzZ3VOcL0PNybwpfmV/N05zFAzwQ9USyEcX6t3UO+K5aqBQOIHw==}
    dependencies:
      brace-expansion: 1.1.11
    dev: false

  /minimist/1.2.7:
    resolution: {integrity: sha512-bzfL1YUZsP41gmu/qjrEk0Q6i2ix/cVeAhbCbqH9u3zYutS1cLg00qhrD0M2MVdCcx4Sc0UpP2eBWo9rotpq6g==}
    dev: false

  /mkdirp/0.5.6:
    resolution: {integrity: sha512-FP+p8RB8OWpF3YZBCrP5gtADmtXApB5AMLn+vdyA+PyxCjrCs00mjyUozssO33cwDeT3wNGdLxJ5M//YqtHAJw==}
    hasBin: true
    dependencies:
      minimist: 1.2.7
    dev: false

  /node-domexception/1.0.0:
    resolution: {integrity: sha512-/jKZoMpw0F8GRwl4/eLROPA3cfcXtLApP0QzLmUT/HuPCZWyB7IY9ZrMeKw2O/nFIqPQB3PVM9aYm0F312AXDQ==}
    engines: {node: '>=10.5.0'}
    dev: false

  /node-fetch/3.2.10:
    resolution: {integrity: sha512-MhuzNwdURnZ1Cp4XTazr69K0BTizsBroX7Zx3UgDSVcZYKF/6p0CBe4EUb/hLqmzVhl0UpYfgRljQ4yxE+iCxA==}
    engines: {node: ^12.20.0 || ^14.13.1 || >=16.0.0}
    dependencies:
      data-uri-to-buffer: 4.0.0
      fetch-blob: 3.2.0
      formdata-polyfill: 4.0.10
    dev: false

  /oauth-sign/0.9.0:
    resolution: {integrity: sha512-fexhUFFPTGV8ybAtSIGbV6gOkSv8UtRbDBnAyLQw4QPKkgNlsH2ByPGtMUqdWkos6YCRmAqViwgZrJc/mRDzZQ==}
    dev: false

  /once/1.4.0:
    resolution: {integrity: sha512-lNaJgI+2Q5URQBkccEKHTQOPaXdUxnZZElQTZY0MFUAuaEqe1E+Nyvgdz/aIyNi6Z9MzO5dv1H8n58/GELp3+w==}
    dependencies:
      wrappy: 1.0.2
    dev: false

  /path-is-absolute/1.0.1:
    resolution: {integrity: sha512-AVbw3UJ2e9bq64vSaS9Am0fje1Pa8pbGqTTsmXfaIiMpnr5DlDhfJOuLj9Sf95ZPVDAUerDfEk88MPmPe7UCQg==}
    engines: {node: '>=0.10.0'}
    dev: false

  /performance-now/2.1.0:
    resolution: {integrity: sha512-7EAHlyLHI56VEIdK57uwHdHKIaAGbnXPiw0yWbarQZOKaKpvUIgW0jWRVLiatnM+XXlSwsanIBH/hzGMJulMow==}
    dev: false

  /process-nextick-args/2.0.1:
    resolution: {integrity: sha512-3ouUOpQhtgrbOa17J7+uxOTpITYWaGP7/AhoR3+A+/1e9skrzelGi/dXzEYyvbxubEF6Wn2ypscTKiKJFFn1ag==}
    dev: false

  /psl/1.9.0:
    resolution: {integrity: sha512-E/ZsdU4HLs/68gYzgGTkMicWTLPdAftJLfJFlLUAAKZGkStNU72sZjT66SnMDVOfOWY/YAoiD7Jxa9iHvngcag==}
    dev: false

  /punycode/2.1.1:
    resolution: {integrity: sha512-XRsRjdf+j5ml+y/6GKHPZbrF/8p2Yga0JPtdqTIY2Xe5ohJPD9saDJJLPvp9+NSBprVvevdXZybnj2cv8OEd0A==}
    engines: {node: '>=6'}
    dev: false

  /qs/6.5.3:
    resolution: {integrity: sha512-qxXIEh4pCGfHICj1mAJQ2/2XVZkjCDTcEgfoSQxc/fYivUZxTkk7L3bDBJSoNrEzXI17oUO5Dp07ktqE5KzczA==}
    engines: {node: '>=0.6'}
    dev: false

  /readable-stream/2.3.7:
    resolution: {integrity: sha512-Ebho8K4jIbHAxnuxi7o42OrZgF/ZTNcsZj6nRKyUmkhLFq8CHItp/fy6hQZuZmP/n3yZ9VBUbp4zz/mX8hmYPw==}
    dependencies:
      core-util-is: 1.0.3
      inherits: 2.0.4
      isarray: 1.0.0
      process-nextick-args: 2.0.1
      safe-buffer: 5.1.2
      string_decoder: 1.1.1
      util-deprecate: 1.0.2
    dev: false

  /remove-trailing-separator/1.1.0:
    resolution: {integrity: sha512-/hS+Y0u3aOfIETiaiirUFwDBDzmXPvO+jAfKTitUngIPzdKc6Z0LoFjM/CK5PL4C+eKwHohlHAb6H0VFfmmUsw==}
    dev: false

  /replace-ext/1.0.1:
    resolution: {integrity: sha512-yD5BHCe7quCgBph4rMQ+0KkIRKwWCrHDOX1p1Gp6HwjPM5kVoCdKGNhN7ydqqsX6lJEnQDKZ/tFMiEdQ1dvPEw==}
    engines: {node: '>= 0.10'}
    dev: false

  /request/2.88.2:
    resolution: {integrity: sha512-MsvtOrfG9ZcrOwAW+Qi+F6HbD0CWXEh9ou77uOb7FM2WPhwT7smM833PzanhJLsgXjN89Ir6V2PczXNnMpwKhw==}
    engines: {node: '>= 6'}
    deprecated: request has been deprecated, see https://github.com/request/request/issues/3142
    dependencies:
      aws-sign2: 0.7.0
      aws4: 1.11.0
      caseless: 0.12.0
      combined-stream: 1.0.8
      extend: 3.0.2
      forever-agent: 0.6.1
      form-data: 2.3.3
      har-validator: 5.1.5
      http-signature: 1.2.0
      is-typedarray: 1.0.0
      isstream: 0.1.2
      json-stringify-safe: 5.0.1
      mime-types: 2.1.35
      oauth-sign: 0.9.0
      performance-now: 2.1.0
      qs: 6.5.3
      safe-buffer: 5.2.1
      tough-cookie: 2.5.0
      tunnel-agent: 0.6.0
      uuid: 3.4.0
    dev: false

  /rimraf/2.7.1:
    resolution: {integrity: sha512-uWjbaKIK3T1OSVptzX7Nl6PvQ3qAGtKEtVRjRuazjfL3Bx5eI409VZSqgND+4UNnmzLVdPj9FqFJNPqBZFve4w==}
    hasBin: true
    dependencies:
      glob: 7.2.3
    dev: false

  /rimraf/3.0.2:
    resolution: {integrity: sha512-JZkJMZkAGFFPP2YqXZXPbMlMBgsxzE8ILs4lMIX/2o0L9UBw9O/Y3o6wFw/i9YLapcUJWwqbi3kdxIPdC62TIA==}
    hasBin: true
    dependencies:
      glob: 7.2.3
    dev: false

  /safe-buffer/5.1.2:
    resolution: {integrity: sha512-Gd2UZBJDkXlY7GbJxfsE8/nvKkUEU1G38c1siN6QP6a9PT9MmHB8GnpscSmMJSoF8LOIrt8ud/wPtojys4G6+g==}
    dev: false

  /safe-buffer/5.2.1:
    resolution: {integrity: sha512-rp3So07KcdmmKbGvgaNxQSJr7bGVSVk5S9Eq1F+ppbRo70+YeaDxkw5Dd8NPN+GD6bjnYm2VuPuCXmpuYvmCXQ==}
    dev: false

  /safer-buffer/2.1.2:
    resolution: {integrity: sha512-YZo3K82SD7Riyi0E1EQPojLz7kpepnSQI9IyPbHHg1XXXevb5dJI7tpyN2ADxGcQbHG7vcyRHk0cbwqcQriUtg==}
    dev: false

  /setimmediate/1.0.5:
    resolution: {integrity: sha512-MATJdZp8sLqDl/68LfQmbP8zKPLQNV6BIZoIgrscFDQ+RsvK/BxeDQOgyxKKoh0y/8h3BqVFnCqQ/gd+reiIXA==}
    dev: false

  /sshpk/1.17.0:
    resolution: {integrity: sha512-/9HIEs1ZXGhSPE8X6Ccm7Nam1z8KcoCqPdI7ecm1N33EzAetWahvQWVqLZtaZQ+IDKX4IyA2o0gBzqIMkAagHQ==}
    engines: {node: '>=0.10.0'}
    hasBin: true
    dependencies:
      asn1: 0.2.6
      assert-plus: 1.0.0
      bcrypt-pbkdf: 1.0.2
      dashdash: 1.14.1
      ecc-jsbn: 0.1.2
      getpass: 0.1.7
      jsbn: 0.1.1
      safer-buffer: 2.1.2
      tweetnacl: 0.14.5
    dev: false

  /string_decoder/1.1.1:
    resolution: {integrity: sha512-n/ShnvDi6FHbbVfviro+WojiFzv+s8MPMHBczVePfUpDJLwoLT0ht1l4YwBCbi8pJAveEEdnkHyPyTP/mzRfwg==}
    dependencies:
      safe-buffer: 5.1.2
    dev: false

  /tough-cookie/2.5.0:
    resolution: {integrity: sha512-nlLsUzgm1kfLXSXfRZMc1KLAugd4hqJHDTvc2hDIwS3mZAfMEuMbc03SujMF+GEcpaX/qboeycw6iO8JwVv2+g==}
    engines: {node: '>=0.8'}
    dependencies:
      psl: 1.9.0
      punycode: 2.1.1
    dev: false

  /traverse/0.3.9:
    resolution: {integrity: sha512-iawgk0hLP3SxGKDfnDJf8wTz4p2qImnyihM5Hh/sGvQ3K37dPi/w8sRhdNIxYA1TwFwc5mDhIJq+O0RsvXBKdQ==}
    dev: false

  /tunnel-agent/0.6.0:
    resolution: {integrity: sha512-McnNiV1l8RYeY8tBgEpuodCC1mLUdbSN+CYBL7kJsJNInOP8UjDDEwdk6Mw60vdLLrr5NHKZhMAOSrR2NZuQ+w==}
    dependencies:
      safe-buffer: 5.2.1
    dev: false

  /tweetnacl/0.14.5:
    resolution: {integrity: sha512-KXXFFdAbFXY4geFIwoyNK+f5Z1b7swfXABfL7HXCmoIWMKU3dmS26672A4EeQtDzLKy7SXmfBu51JolvEKwtGA==}
    dev: false

  /unzipper/0.10.11:
    resolution: {integrity: sha512-+BrAq2oFqWod5IESRjL3S8baohbevGcVA+teAIOYWM3pDVdseogqbzhhvvmiyQrUNKFUnDMtELW3X8ykbyDCJw==}
    dependencies:
      big-integer: 1.6.51
      binary: 0.3.0
      bluebird: 3.4.7
      buffer-indexof-polyfill: 1.0.2
      duplexer2: 0.1.4
      fstream: 1.0.12
      graceful-fs: 4.2.10
      listenercount: 1.0.1
      readable-stream: 2.3.7
      setimmediate: 1.0.5
    dev: false

  /uri-js/4.4.1:
    resolution: {integrity: sha512-7rKUyy33Q1yc98pQ1DAmLtwX109F7TIfWlW1Ydo8Wl1ii1SeHieeh0HHfPeL2fMXK6z0s8ecKs9frCuLJvndBg==}
    dependencies:
      punycode: 2.1.1
    dev: false

  /util-deprecate/1.0.2:
    resolution: {integrity: sha512-EPD5q1uXyFxJpCrLnCc1nHnq3gOa6DZBocAIiI2TaSCA7VCJ1UJDMagCzIkXNsUYfD1daK//LTEQ8xiIbrHtcw==}
    dev: false

  /uuid/3.4.0:
    resolution: {integrity: sha512-HjSDRw6gZE5JMggctHBcjVak08+KEVhSIiDzFnT9S9aegmp85S/bReBVTb4QTFaRNptJ9kuYaNhnbNEOkbKb/A==}
    deprecated: Please upgrade  to version 7 or higher.  Older versions may use Math.random() in certain circumstances, which is known to be problematic.  See https://v8.dev/blog/math-random for details.
    hasBin: true
    dev: false

  /uuid/9.0.0:
    resolution: {integrity: sha512-MXcSTerfPa4uqyzStbRoTgt5XIe3x5+42+q1sDuy3R5MDk66URdLMOZe5aPX/SQd+kuYAh0FdP/pO28IkQyTeg==}
    hasBin: true
    dev: false

  /verror/1.10.0:
    resolution: {integrity: sha512-ZZKSmDAEFOijERBLkmYfJ+vmk3w+7hOLYDNkRCuRuMJGEmqYNCNLyBBFwWKVMhfwaEF3WOd0Zlw86U/WC/+nYw==}
    engines: {'0': node >=0.6.0}
    dependencies:
      assert-plus: 1.0.0
      core-util-is: 1.0.2
      extsprintf: 1.3.0
    dev: false

  /vinyl/2.2.1:
    resolution: {integrity: sha512-LII3bXRFBZLlezoG5FfZVcXflZgWP/4dCwKtxd5ky9+LOtM4CS3bIRQsmR1KMnMW07jpE8fqR2lcxPZ+8sJIcw==}
    engines: {node: '>= 0.10'}
    dependencies:
      clone: 2.1.2
      clone-buffer: 1.0.0
      clone-stats: 1.0.0
      cloneable-readable: 1.1.3
      remove-trailing-separator: 1.1.0
      replace-ext: 1.0.1
    dev: false

  /web-streams-polyfill/3.2.1:
    resolution: {integrity: sha512-e0MO3wdXWKrLbL0DgGnUV7WHVuw9OUvL4hjgnPkIeEvESk74gAITi5G606JtZPp39cd8HA9VQzCIvA49LpPN5Q==}
    engines: {node: '>= 8'}
    dev: false

  /wrappy/1.0.2:
    resolution: {integrity: sha512-l4Sp/DRseor9wL6EvV2+TuQn63dMkPjZ/sp9XkghTEbV9KlPS1xUsZ3u7/IQO4wxtcFB4bgpQPRcR3QCvezPcQ==}
    dev: false
